// !$*UTF8*$!
{
	archiveVersion = 1;
	classes = {
	};
	objectVersion = 50;
	objects = {

/* Begin PBXFileReference section */
		4840155B2189C11300F6323D /* script3.bash */ = {isa = PBXFileReference; lastKnownFileType = text.script.sh; name = script3.bash; path = ../../../../Desktop/script3.bash; sourceTree = "<group>"; };
		4840155C2189C11300F6323D /* script1.bash */ = {isa = PBXFileReference; lastKnownFileType = text.script.sh; name = script1.bash; path = ../../../../Desktop/script1.bash; sourceTree = "<group>"; };
		4840155D2189C11400F6323D /* script2.bash */ = {isa = PBXFileReference; lastKnownFileType = text.script.sh; name = script2.bash; path = ../../../../Desktop/script2.bash; sourceTree = "<group>"; };
		4840155E2189C22100F6323D /* script5.bash */ = {isa = PBXFileReference; lastKnownFileType = text; name = script5.bash; path = ../script5.bash; sourceTree = "<group>"; };
		4840155F2189C22100F6323D /* script4.bash */ = {isa = PBXFileReference; lastKnownFileType = text.script.sh; name = script4.bash; path = ../script4.bash; sourceTree = "<group>"; };
/* End PBXFileReference section */

/* Begin PBXGroup section */
		484015512189C0E600F6323D = {
			isa = PBXGroup;
			children = (
				4840155C2189C11300F6323D /* script1.bash */,
				4840155F2189C22100F6323D /* script4.bash */,
				4840155E2189C22100F6323D /* script5.bash */,
				4840155D2189C11400F6323D /* script2.bash */,
				4840155B2189C11300F6323D /* script3.bash */,
			);
			sourceTree = "<group>";
		};
/* End PBXGroup section */

/* Begin PBXProject section */
		484015522189C0E600F6323D /* Project object */ = {
			isa = PBXProject;
			attributes = {
				LastUpgradeCheck = 1000;
			};
			buildConfigurationList = 484015552189C0E600F6323D /* Build configuration list for PBXProject "SHELL_TP1" */;
			compatibilityVersion = "Xcode 9.3";
			developmentRegion = en;
			hasScannedForEncodings = 0;
			knownRegions = (
				en,
			);
			mainGroup = 484015512189C0E600F6323D;
			projectDirPath = "";
			projectRoot = "";
			targets = (
			);
		};
/* End PBXProject section */

/* Begin XCBuildConfiguration section */
		484015562189C0E600F6323D /* Debug */ = {
			isa = XCBuildConfiguration;
			buildSettings = {
			};
			name = Debug;
		};
		484015572189C0E600F6323D /* Release */ = {
			isa = XCBuildConfiguration;
			buildSettings = {
			};
			name = Release;
		};
/* End XCBuildConfiguration section */

/* Begin XCConfigurationList section */
		484015552189C0E600F6323D /* Build configuration list for PBXProject "SHELL_TP1" */ = {
			isa = XCConfigurationList;
			buildConfigurations = (
				484015562189C0E600F6323D /* Debug */,
				484015572189C0E600F6323D /* Release */,
			);
			defaultConfigurationIsVisible = 0;
			defaultConfigurationName = Release;
		};
/* End XCConfigurationList section */
	};
	rootObject = 484015522189C0E600F6323D /* Project object */;
}
